
Microsoft Visual Studio Solution File, Format Version 12.00
# Visual Studio Version 16
VisualStudioVersion = 25.0.1706.12
MinimumVisualStudioVersion = 10.0.40219.1
Project("{FAE04EC0-301F-11D3-BF4B-00C04F79EFBC}") = "BAteste", "BAteste\BAteste.csproj", "{B59B8A0D-7DC6-4140-9B44-149339BC6D8F}"
EndProject
Project("{FAE04EC0-301F-11D3-BF4B-00C04F79EFBC}") = "LibTestBindingIOS", "DatablinkBindingIOS\LibTestBindingIOS.csproj", "{4B13EA4C-DE57-4290-976A-0F507D78C4F1}"
EndProject
Global
	GlobalSection(SolutionConfigurationPlatforms) = preSolution
		Debug|Any CPU = Debug|Any CPU
		Release|Any CPU = Release|Any CPU
	EndGlobalSection
	GlobalSection(ProjectConfigurationPlatforms) = postSolution
		{B59B8A0D-7DC6-4140-9B44-149339BC6D8F}.Debug|Any CPU.ActiveCfg = Debug|Any CPU
		{B59B8A0D-7DC6-4140-9B44-149339BC6D8F}.Debug|Any CPU.Build.0 = Debug|Any CPU
		{B59B8A0D-7DC6-4140-9B44-149339BC6D8F}.Release|Any CPU.ActiveCfg = Release|Any CPU
		{B59B8A0D-7DC6-4140-9B44-149339BC6D8F}.Release|Any CPU.Build.0 = Release|Any CPU
		{4B13EA4C-DE57-4290-976A-0F507D78C4F1}.Debug|Any CPU.ActiveCfg = Debug|Any CPU
		{4B13EA4C-DE57-4290-976A-0F507D78C4F1}.Debug|Any CPU.Build.0 = Debug|Any CPU
		{4B13EA4C-DE57-4290-976A-0F507D78C4F1}.Release|Any CPU.ActiveCfg = Release|Any CPU
		{4B13EA4C-DE57-4290-976A-0F507D78C4F1}.Release|Any CPU.Build.0 = Release|Any CPU
	EndGlobalSection
	GlobalSection(SolutionProperties) = preSolution
		HideSolutionNode = FALSE
	EndGlobalSection
	GlobalSection(ExtensibilityGlobals) = postSolution
		SolutionGuid = {D2EB0BB6-9977-47AF-A22E-FD57DA3E061B}
	EndGlobalSection
EndGlobal
